// !$*UTF8*$!
{
	archiveVersion = 1;
	classes = {
	};
	objectVersion = 77;
	objects = {

/* Begin PBXBuildFile section */
		1657F0033948CC6E58164B2F /* b0tCore in Frameworks */ = {isa = PBXBuildFile; productRef = DCAB6B34E6DCAB50BB736458 /* b0tCore */; };
		1C47AFBE1FC5D310794439C9 /* ContentView.swift in Sources */ = {isa = PBXBuildFile; fileRef = 11E91319360B3AF9F60F37C9 /* ContentView.swift */; };
		35017C62846B82978924F904 /* b0tFace in Frameworks */ = {isa = PBXBuildFile; productRef = 196A7880D576DA8B5936303B /* b0tFace */; };
		83579266A13A3AABBE751315 /* b0tSkills in Frameworks */ = {isa = PBXBuildFile; productRef = 0943B725594C26ACEE1FCD33 /* b0tSkills */; };
		9E7FE541C355795463F2E047 /* default-bot in Resources */ = {isa = PBXBuildFile; fileRef = 933F2AE957C01B79FA72B32D /* default-bot */; };
		A315E155CFA78CFB01DE92DF /* b0tAudio in Frameworks */ = {isa = PBXBuildFile; productRef = B94783E8348975DD05ED09EE /* b0tAudio */; };
		A78B13C574B7EA676D887AB1 /* b0tApp.swift in Sources */ = {isa = PBXBuildFile; fileRef = 419303501712CAB6314A7455 /* b0tApp.swift */; };
		B89D3BA46042B0830DC9742E /* b0tBrain in Frameworks */ = {isa = PBXBuildFile; productRef = B6FE8E3C008A965D697C367F /* b0tBrain */; };
		C8AD557AF341DC4AFAF50D4E /* Assets.xcassets in Resources */ = {isa = PBXBuildFile; fileRef = 021B489B8DCAFAC3F72F0E3C /* Assets.xcassets */; };
		F5A7F332C369477D81669E3A /* b0tDesign in Frameworks */ = {isa = PBXBuildFile; productRef = EAC9282E0B9790D0812E07EB /* b0tDesign */; };
/* End PBXBuildFile section */

/* Begin PBXFileReference section */
		021B489B8DCAFAC3F72F0E3C /* Assets.xcassets */ = {isa = PBXFileReference; lastKnownFileType = folder.assetcatalog; path = Assets.xcassets; sourceTree = "<group>"; };
		11E91319360B3AF9F60F37C9 /* ContentView.swift */ = {isa = PBXFileReference; lastKnownFileType = sourcecode.swift; path = ContentView.swift; sourceTree = "<group>"; };
		419303501712CAB6314A7455 /* b0tApp.swift */ = {isa = PBXFileReference; lastKnownFileType = sourcecode.swift; path = b0tApp.swift; sourceTree = "<group>"; };
		4697E672E444B47FF9B58EE0 /* b0tKit */ = {isa = PBXFileReference; lastKnownFileType = folder; name = b0tKit; path = b0tKit; sourceTree = SOURCE_ROOT; };
		577740E81715D5E498229C81 /* b0t.app */ = {isa = PBXFileReference; includeInIndex = 0; lastKnownFileType = wrapper.application; path = b0t.app; sourceTree = BUILT_PRODUCTS_DIR; };
		933F2AE957C01B79FA72B32D /* default-bot */ = {isa = PBXFileReference; lastKnownFileType = folder; path = "default-bot"; sourceTree = SOURCE_ROOT; };
/* End PBXFileReference section */

/* Begin PBXFrameworksBuildPhase section */
		00A26502B897769549AD08B5 /* Frameworks */ = {
			isa = PBXFrameworksBuildPhase;
			buildActionMask = 2147483647;
			files = (
				1657F0033948CC6E58164B2F /* b0tCore in Frameworks */,
				B89D3BA46042B0830DC9742E /* b0tBrain in Frameworks */,
				83579266A13A3AABBE751315 /* b0tSkills in Frameworks */,
				35017C62846B82978924F904 /* b0tFace in Frameworks */,
				A315E155CFA78CFB01DE92DF /* b0tAudio in Frameworks */,
				F5A7F332C369477D81669E3A /* b0tDesign in Frameworks */,
			);
			runOnlyForDeploymentPostprocessing = 0;
		};
/* End PBXFrameworksBuildPhase section */

/* Begin PBXGroup section */
		248227FDAA1151AB83FEC8E4 /* Resources */ = {
			isa = PBXGroup;
			children = (
				021B489B8DCAFAC3F72F0E3C /* Assets.xcassets */,
			);
			name = Resources;
			path = b0tApp/Resources;
			sourceTree = "<group>";
		};
		7F79E14CD36A9D012386FFCC = {
			isa = PBXGroup;
			children = (
				D6778C828E8E2A6D38884F7E /* Packages */,
				248227FDAA1151AB83FEC8E4 /* Resources */,
				EBA5485BECE85249B4C46B3E /* Sources */,
				933F2AE957C01B79FA72B32D /* default-bot */,
				D43C55E2693A8642B5881A5A /* Products */,
			);
			sourceTree = "<group>";
		};
		9FECAA7402C49FCC1F9F02B1 /* App */ = {
			isa = PBXGroup;
			children = (
				419303501712CAB6314A7455 /* b0tApp.swift */,
				11E91319360B3AF9F60F37C9 /* ContentView.swift */,
			);
			path = App;
			sourceTree = "<group>";
		};
		D43C55E2693A8642B5881A5A /* Products */ = {
			isa = PBXGroup;
			children = (
				577740E81715D5E498229C81 /* b0t.app */,
			);
			name = Products;
			sourceTree = "<group>";
		};
		D6778C828E8E2A6D38884F7E /* Packages */ = {
			isa = PBXGroup;
			children = (
				4697E672E444B47FF9B58EE0 /* b0tKit */,
			);
			name = Packages;
			sourceTree = "<group>";
		};
		EBA5485BECE85249B4C46B3E /* Sources */ = {
			isa = PBXGroup;
			children = (
				9FECAA7402C49FCC1F9F02B1 /* App */,
			);
			name = Sources;
			path = b0tApp/Sources;
			sourceTree = "<group>";
		};
/* End PBXGroup section */

/* Begin PBXNativeTarget section */
		C9695874695E826731970224 /* b0t */ = {
			isa = PBXNativeTarget;
			buildConfigurationList = A3E05F27169C21DCD3F8DD40 /* Build configuration list for PBXNativeTarget "b0t" */;
			buildPhases = (
				33A899A7B40E0D4946B4EB35 /* Sources */,
				56981FB3C9F0A2B1D8F306D0 /* Resources */,
				00A26502B897769549AD08B5 /* Frameworks */,
			);
			buildRules = (
			);
			dependencies = (
			);
			name = b0t;
			packageProductDependencies = (
				DCAB6B34E6DCAB50BB736458 /* b0tCore */,
				B6FE8E3C008A965D697C367F /* b0tBrain */,
				0943B725594C26ACEE1FCD33 /* b0tSkills */,
				196A7880D576DA8B5936303B /* b0tFace */,
				B94783E8348975DD05ED09EE /* b0tAudio */,
				EAC9282E0B9790D0812E07EB /* b0tDesign */,
			);
			productName = b0t;
			productReference = 577740E81715D5E498229C81 /* b0t.app */;
			productType = "com.apple.product-type.application";
		};
/* End PBXNativeTarget section */

/* Begin PBXProject section */
		E955D6923EED04B55FEB2DBF /* Project object */ = {
			isa = PBXProject;
			attributes = {
				BuildIndependentTargetsInParallel = YES;
				LastUpgradeCheck = 1430;
				TargetAttributes = {
					C9695874695E826731970224 = {
						DevelopmentTeam = P2VY4WT259;
						ProvisioningStyle = Automatic;
					};
				};
			};
			buildConfigurationList = F262900EA8FC750EA855AF5D /* Build configuration list for PBXProject "b0t" */;
			compatibilityVersion = "Xcode 14.0";
			developmentRegion = en;
			hasScannedForEncodings = 0;
			knownRegions = (
				Base,
				en,
			);
			mainGroup = 7F79E14CD36A9D012386FFCC;
			minimizedProjectReferenceProxies = 1;
			packageReferences = (
				53AE32BD77D2C2DCF85080A2 /* XCLocalSwiftPackageReference "b0tKit" */,
			);
			preferredProjectObjectVersion = 77;
			projectDirPath = "";
			projectRoot = "";
			targets = (
				C9695874695E826731970224 /* b0t */,
			);
		};
/* End PBXProject section */

/* Begin PBXResourcesBuildPhase section */
		56981FB3C9F0A2B1D8F306D0 /* Resources */ = {
			isa = PBXResourcesBuildPhase;
			buildActionMask = 2147483647;
			files = (
				C8AD557AF341DC4AFAF50D4E /* Assets.xcassets in Resources */,
				9E7FE541C355795463F2E047 /* default-bot in Resources */,
			);
			runOnlyForDeploymentPostprocessing = 0;
		};
/* End PBXResourcesBuildPhase section */

/* Begin PBXSourcesBuildPhase section */
		33A899A7B40E0D4946B4EB35 /* Sources */ = {
			isa = PBXSourcesBuildPhase;
			buildActionMask = 2147483647;
			files = (
				1C47AFBE1FC5D310794439C9 /* ContentView.swift in Sources */,
				A78B13C574B7EA676D887AB1 /* b0tApp.swift in Sources */,
			);
			runOnlyForDeploymentPostprocessing = 0;
		};
/* End PBXSourcesBuildPhase section */

/* Begin XCBuildConfiguration section */
		2CA78A451513C5D809337736 /* Debug */ = {
			isa = XCBuildConfiguration;
			buildSettings = {
				ASSETCATALOG_COMPILER_APPICON_NAME = AppIcon;
				CODE_SIGN_IDENTITY = "iPhone Developer";
				ENABLE_PREVIEWS = YES;
				GENERATE_INFOPLIST_FILE = YES;
				INFOPLIST_KEY_UILaunchScreen_Generation = YES;
				IPHONEOS_DEPLOYMENT_TARGET = 26.0;
				LD_RUNPATH_SEARCH_PATHS = (
					"$(inherited)",
					"@executable_path/Frameworks",
				);
				PRODUCT_BUNDLE_IDENTIFIER = com.toppeross.b0t;
				SDKROOT = iphoneos;
				SWIFT_EMIT_LOC_STRINGS = YES;
				TARGETED_DEVICE_FAMILY = "1,2";
			};
			name = Debug;
		};
		5D55FB670A3CC8676FE0A18D /* Release */ = {
			isa = XCBuildConfiguration;
			buildSettings = {
				ASSETCATALOG_COMPILER_APPICON_NAME = AppIcon;
				CODE_SIGN_IDENTITY = "iPhone Developer";
				ENABLE_PREVIEWS = YES;
				GENERATE_INFOPLIST_FILE = YES;
				INFOPLIST_KEY_UILaunchScreen_Generation = YES;
				IPHONEOS_DEPLOYMENT_TARGET = 26.0;
				LD_RUNPATH_SEARCH_PATHS = (
					"$(inherited)",
					"@executable_path/Frameworks",
				);
				PRODUCT_BUNDLE_IDENTIFIER = com.toppeross.b0t;
				SDKROOT = iphoneos;
				SWIFT_EMIT_LOC_STRINGS = YES;
				TARGETED_DEVICE_FAMILY = "1,2";
			};
			name = Release;
		};
		71BF28311A765B9DDB1DD7FD /* Release */ = {
			isa = XCBuildConfiguration;
			buildSettings = {
				ALWAYS_SEARCH_USER_PATHS = NO;
				CLANG_ANALYZER_NONNULL = YES;
				CLANG_ANALYZER_NUMBER_OBJECT_CONVERSION = YES_AGGRESSIVE;
				CLANG_CXX_LANGUAGE_STANDARD = "gnu++14";
				CLANG_CXX_LIBRARY = "libc++";
				CLANG_ENABLE_MODULES = YES;
				CLANG_ENABLE_OBJC_ARC = YES;
				CLANG_ENABLE_OBJC_WEAK = YES;
				CLANG_WARN_BLOCK_CAPTURE_AUTORELEASING = YES;
				CLANG_WARN_BOOL_CONVERSION = YES;
				CLANG_WARN_COMMA = YES;
				CLANG_WARN_CONSTANT_CONVERSION = YES;
				CLANG_WARN_DEPRECATED_OBJC_IMPLEMENTATIONS = YES;
				CLANG_WARN_DIRECT_OBJC_ISA_USAGE = YES_ERROR;
				CLANG_WARN_DOCUMENTATION_COMMENTS = YES;
				CLANG_WARN_EMPTY_BODY = YES;
				CLANG_WARN_ENUM_CONVERSION = YES;
				CLANG_WARN_INFINITE_RECURSION = YES;
				CLANG_WARN_INT_CONVERSION = YES;
				CLANG_WARN_NON_LITERAL_NULL_CONVERSION = YES;
				CLANG_WARN_OBJC_IMPLICIT_RETAIN_SELF = YES;
				CLANG_WARN_OBJC_LITERAL_CONVERSION = YES;
				CLANG_WARN_OBJC_ROOT_CLASS = YES_ERROR;
				CLANG_WARN_QUOTED_INCLUDE_IN_FRAMEWORK_HEADER = YES;
				CLANG_WARN_RANGE_LOOP_ANALYSIS = YES;
				CLANG_WARN_STRICT_PROTOTYPES = YES;
				CLANG_WARN_SUSPICIOUS_MOVE = YES;
				CLANG_WARN_UNGUARDED_AVAILABILITY = YES_AGGRESSIVE;
				CLANG_WARN_UNREACHABLE_CODE = YES;
				CLANG_WARN__DUPLICATE_METHOD_MATCH = YES;
				CODE_SIGN_STYLE = Automatic;
				COPY_PHASE_STRIP = NO;
				DEBUG_INFORMATION_FORMAT = "dwarf-with-dsym";
				DEVELOPMENT_TEAM = P2VY4WT259;
				ENABLE_NS_ASSERTIONS = NO;
				ENABLE_STRICT_OBJC_MSGSEND = YES;
				GCC_C_LANGUAGE_STANDARD = gnu11;
				GCC_NO_COMMON_BLOCKS = YES;
				GCC_TREAT_WARNINGS_AS_ERRORS = YES;
				GCC_WARN_64_TO_32_BIT_CONVERSION = YES;
				GCC_WARN_ABOUT_RETURN_TYPE = YES_ERROR;
				GCC_WARN_UNDECLARED_SELECTOR = YES;
				GCC_WARN_UNINITIALIZED_AUTOS = YES_AGGRESSIVE;
				GCC_WARN_UNUSED_FUNCTION = YES;
				GCC_WARN_UNUSED_VARIABLE = YES;
				IPHONEOS_DEPLOYMENT_TARGET = 26.0;
				MTL_ENABLE_DEBUG_INFO = NO;
				MTL_FAST_MATH = YES;
				PRODUCT_NAME = "$(TARGET_NAME)";
				SDKROOT = iphoneos;
				SWIFT_COMPILATION_MODE = wholemodule;
				SWIFT_OPTIMIZATION_LEVEL = "-O";
				SWIFT_STRICT_CONCURRENCY = complete;
				SWIFT_TREAT_WARNINGS_AS_ERRORS = YES;
				SWIFT_VERSION = 6.0;
			};
			name = Release;
		};
		DEF60F38F27A59C3B7AAAF14 /* Debug */ = {
			isa = XCBuildConfiguration;
			buildSettings = {
				ALWAYS_SEARCH_USER_PATHS = NO;
				CLANG_ANALYZER_NONNULL = YES;
				CLANG_ANALYZER_NUMBER_OBJECT_CONVERSION = YES_AGGRESSIVE;
				CLANG_CXX_LANGUAGE_STANDARD = "gnu++14";
				CLANG_CXX_LIBRARY = "libc++";
				CLANG_ENABLE_MODULES = YES;
				CLANG_ENABLE_OBJC_ARC = YES;
				CLANG_ENABLE_OBJC_WEAK = YES;
				CLANG_WARN_BLOCK_CAPTURE_AUTORELEASING = YES;
				CLANG_WARN_BOOL_CONVERSION = YES;
				CLANG_WARN_COMMA = YES;
				CLANG_WARN_CONSTANT_CONVERSION = YES;
				CLANG_WARN_DEPRECATED_OBJC_IMPLEMENTATIONS = YES;
				CLANG_WARN_DIRECT_OBJC_ISA_USAGE = YES_ERROR;
				CLANG_WARN_DOCUMENTATION_COMMENTS = YES;
				CLANG_WARN_EMPTY_BODY = YES;
				CLANG_WARN_ENUM_CONVERSION = YES;
				CLANG_WARN_INFINITE_RECURSION = YES;
				CLANG_WARN_INT_CONVERSION = YES;
				CLANG_WARN_NON_LITERAL_NULL_CONVERSION = YES;
				CLANG_WARN_OBJC_IMPLICIT_RETAIN_SELF = YES;
				CLANG_WARN_OBJC_LITERAL_CONVERSION = YES;
				CLANG_WARN_OBJC_ROOT_CLASS = YES_ERROR;
				CLANG_WARN_QUOTED_INCLUDE_IN_FRAMEWORK_HEADER = YES;
				CLANG_WARN_RANGE_LOOP_ANALYSIS = YES;
				CLANG_WARN_STRICT_PROTOTYPES = YES;
				CLANG_WARN_SUSPICIOUS_MOVE = YES;
				CLANG_WARN_UNGUARDED_AVAILABILITY = YES_AGGRESSIVE;
				CLANG_WARN_UNREACHABLE_CODE = YES;
				CLANG_WARN__DUPLICATE_METHOD_MATCH = YES;
				CODE_SIGN_STYLE = Automatic;
				COPY_PHASE_STRIP = NO;
				DEBUG_INFORMATION_FORMAT = dwarf;
				DEVELOPMENT_TEAM = P2VY4WT259;
				ENABLE_STRICT_OBJC_MSGSEND = YES;
				ENABLE_TESTABILITY = YES;
				GCC_C_LANGUAGE_STANDARD = gnu11;
				GCC_DYNAMIC_NO_PIC = NO;
				GCC_NO_COMMON_BLOCKS = YES;
				GCC_OPTIMIZATION_LEVEL = 0;
				GCC_PREPROCESSOR_DEFINITIONS = (
					"$(inherited)",
					"DEBUG=1",
				);
				GCC_TREAT_WARNINGS_AS_ERRORS = YES;
				GCC_WARN_64_TO_32_BIT_CONVERSION = YES;
				GCC_WARN_ABOUT_RETURN_TYPE = YES_ERROR;
				GCC_WARN_UNDECLARED_SELECTOR = YES;
				GCC_WARN_UNINITIALIZED_AUTOS = YES_AGGRESSIVE;
				GCC_WARN_UNUSED_FUNCTION = YES;
				GCC_WARN_UNUSED_VARIABLE = YES;
				IPHONEOS_DEPLOYMENT_TARGET = 26.0;
				MTL_ENABLE_DEBUG_INFO = INCLUDE_SOURCE;
				MTL_FAST_MATH = YES;
				ONLY_ACTIVE_ARCH = YES;
				PRODUCT_NAME = "$(TARGET_NAME)";
				SDKROOT = iphoneos;
				SWIFT_ACTIVE_COMPILATION_CONDITIONS = DEBUG;
				SWIFT_OPTIMIZATION_LEVEL = "-Onone";
				SWIFT_STRICT_CONCURRENCY = complete;
				SWIFT_TREAT_WARNINGS_AS_ERRORS = YES;
				SWIFT_VERSION = 6.0;
			};
			name = Debug;
		};
/* End XCBuildConfiguration section */

/* Begin XCConfigurationList section */
		A3E05F27169C21DCD3F8DD40 /* Build configuration list for PBXNativeTarget "b0t" */ = {
			isa = XCConfigurationList;
			buildConfigurations = (
				2CA78A451513C5D809337736 /* Debug */,
				5D55FB670A3CC8676FE0A18D /* Release */,
			);
			defaultConfigurationIsVisible = 0;
			defaultConfigurationName = Debug;
		};
		F262900EA8FC750EA855AF5D /* Build configuration list for PBXProject "b0t" */ = {
			isa = XCConfigurationList;
			buildConfigurations = (
				DEF60F38F27A59C3B7AAAF14 /* Debug */,
				71BF28311A765B9DDB1DD7FD /* Release */,
			);
			defaultConfigurationIsVisible = 0;
			defaultConfigurationName = Debug;
		};
/* End XCConfigurationList section */

/* Begin XCLocalSwiftPackageReference section */
		53AE32BD77D2C2DCF85080A2 /* XCLocalSwiftPackageReference "b0tKit" */ = {
			isa = XCLocalSwiftPackageReference;
			relativePath = b0tKit;
		};
/* End XCLocalSwiftPackageReference section */

/* Begin XCSwiftPackageProductDependency section */
		0943B725594C26ACEE1FCD33 /* b0tSkills */ = {
			isa = XCSwiftPackageProductDependency;
			productName = b0tSkills;
		};
		196A7880D576DA8B5936303B /* b0tFace */ = {
			isa = XCSwiftPackageProductDependency;
			productName = b0tFace;
		};
		B6FE8E3C008A965D697C367F /* b0tBrain */ = {
			isa = XCSwiftPackageProductDependency;
			productName = b0tBrain;
		};
		B94783E8348975DD05ED09EE /* b0tAudio */ = {
			isa = XCSwiftPackageProductDependency;
			productName = b0tAudio;
		};
		DCAB6B34E6DCAB50BB736458 /* b0tCore */ = {
			isa = XCSwiftPackageProductDependency;
			productName = b0tCore;
		};
		EAC9282E0B9790D0812E07EB /* b0tDesign */ = {
			isa = XCSwiftPackageProductDependency;
			productName = b0tDesign;
		};
/* End XCSwiftPackageProductDependency section */
	};
	rootObject = E955D6923EED04B55FEB2DBF /* Project object */;
}
